
Microsoft Visual Studio Solution File, Format Version 12.00
# Visual Studio Version 17
VisualStudioVersion = 17.4.33110.190
MinimumVisualStudioVersion = 10.0.40219.1
Project("{2150E333-8FDC-42A3-9474-1A3956D46DE8}") = "service", "service", "{61B29727-2149-492E-8B40-0F7E102AD092}"
EndProject
Project("{2150E333-8FDC-42A3-9474-1A3956D46DE8}") = "core", "core", "{7D8EC27A-E61C-4C29-883A-780E492E776C}"
EndProject
Project("{9A19103F-16F7-4668-BE54-9A1E7A4F7556}") = "Mkt.App", "core\Mkt.App\Mkt.App.csproj", "{768ECA25-3C0B-4249-8F97-4C703B2CDC69}"
EndProject
Project("{9A19103F-16F7-4668-BE54-9A1E7A4F7556}") = "Mkt.Infra", "core\Mkt.Infra\Mkt.Infra.csproj", "{B23D2139-90D7-4F9A-97E7-63BCC71185CA}"
EndProject
Project("{9A19103F-16F7-4668-BE54-9A1E7A4F7556}") = "Mkt.Core", "core\Mkt.Core\Mkt.Core.csproj", "{989CF890-70CB-481F-A8D4-700BB94C7D23}"
EndProject
Project("{9A19103F-16F7-4668-BE54-9A1E7A4F7556}") = "Mkt.UnitTests", "core\Mkt.UnitTests\Mkt.UnitTests.csproj", "{DFEB0067-9E11-4508-8CEF-9E7CA34110E9}"
EndProject
Project("{9A19103F-16F7-4668-BE54-9A1E7A4F7556}") = "Mkt.Api", "service\Mkt.Api\Mkt.Api.csproj", "{C6A7AAD3-98CB-47A3-B1EC-23EDC0E49874}"
EndProject
Project("{2150E333-8FDC-42A3-9474-1A3956D46DE8}") = "Mock", "Mock", "{2EF0D7F7-998C-4C3D-890C-ADA52DF604B5}"
EndProject
Project("{FAE04EC0-301F-11D3-BF4B-00C04F79EFBC}") = "poc.mock.twilio", "mock\poc.mock.twilio\poc.mock.twilio.csproj", "{90385B0F-1011-4612-BB20-7FECE7F7B96F}"
EndProject
Project("{FAE04EC0-301F-11D3-BF4B-00C04F79EFBC}") = "poc.mock.sendgrid", "mock\poc.mock.sendgrid\poc.mock.sendgrid.csproj", "{BFEBA141-9AB3-40A1-A957-F4B4BF1C60EE}"
EndProject
Global
	GlobalSection(SolutionConfigurationPlatforms) = preSolution
		Debug|Any CPU = Debug|Any CPU
		Release|Any CPU = Release|Any CPU
	EndGlobalSection
	GlobalSection(ProjectConfigurationPlatforms) = postSolution
		{768ECA25-3C0B-4249-8F97-4C703B2CDC69}.Debug|Any CPU.ActiveCfg = Debug|Any CPU
		{768ECA25-3C0B-4249-8F97-4C703B2CDC69}.Debug|Any CPU.Build.0 = Debug|Any CPU
		{768ECA25-3C0B-4249-8F97-4C703B2CDC69}.Release|Any CPU.ActiveCfg = Release|Any CPU
		{768ECA25-3C0B-4249-8F97-4C703B2CDC69}.Release|Any CPU.Build.0 = Release|Any CPU
		{B23D2139-90D7-4F9A-97E7-63BCC71185CA}.Debug|Any CPU.ActiveCfg = Debug|Any CPU
		{B23D2139-90D7-4F9A-97E7-63BCC71185CA}.Debug|Any CPU.Build.0 = Debug|Any CPU
		{B23D2139-90D7-4F9A-97E7-63BCC71185CA}.Release|Any CPU.ActiveCfg = Release|Any CPU
		{B23D2139-90D7-4F9A-97E7-63BCC71185CA}.Release|Any CPU.Build.0 = Release|Any CPU
		{989CF890-70CB-481F-A8D4-700BB94C7D23}.Debug|Any CPU.ActiveCfg = Debug|Any CPU
		{989CF890-70CB-481F-A8D4-700BB94C7D23}.Debug|Any CPU.Build.0 = Debug|Any CPU
		{989CF890-70CB-481F-A8D4-700BB94C7D23}.Release|Any CPU.ActiveCfg = Release|Any CPU
		{989CF890-70CB-481F-A8D4-700BB94C7D23}.Release|Any CPU.Build.0 = Release|Any CPU
		{DFEB0067-9E11-4508-8CEF-9E7CA34110E9}.Debug|Any CPU.ActiveCfg = Debug|Any CPU
		{DFEB0067-9E11-4508-8CEF-9E7CA34110E9}.Debug|Any CPU.Build.0 = Debug|Any CPU
		{DFEB0067-9E11-4508-8CEF-9E7CA34110E9}.Release|Any CPU.ActiveCfg = Release|Any CPU
		{DFEB0067-9E11-4508-8CEF-9E7CA34110E9}.Release|Any CPU.Build.0 = Release|Any CPU
		{C6A7AAD3-98CB-47A3-B1EC-23EDC0E49874}.Debug|Any CPU.ActiveCfg = Debug|Any CPU
		{C6A7AAD3-98CB-47A3-B1EC-23EDC0E49874}.Debug|Any CPU.Build.0 = Debug|Any CPU
		{C6A7AAD3-98CB-47A3-B1EC-23EDC0E49874}.Release|Any CPU.ActiveCfg = Release|Any CPU
		{C6A7AAD3-98CB-47A3-B1EC-23EDC0E49874}.Release|Any CPU.Build.0 = Release|Any CPU
		{90385B0F-1011-4612-BB20-7FECE7F7B96F}.Debug|Any CPU.ActiveCfg = Debug|Any CPU
		{90385B0F-1011-4612-BB20-7FECE7F7B96F}.Debug|Any CPU.Build.0 = Debug|Any CPU
		{90385B0F-1011-4612-BB20-7FECE7F7B96F}.Release|Any CPU.ActiveCfg = Release|Any CPU
		{90385B0F-1011-4612-BB20-7FECE7F7B96F}.Release|Any CPU.Build.0 = Release|Any CPU
		{BFEBA141-9AB3-40A1-A957-F4B4BF1C60EE}.Debug|Any CPU.ActiveCfg = Debug|Any CPU
		{BFEBA141-9AB3-40A1-A957-F4B4BF1C60EE}.Debug|Any CPU.Build.0 = Debug|Any CPU
		{BFEBA141-9AB3-40A1-A957-F4B4BF1C60EE}.Release|Any CPU.ActiveCfg = Release|Any CPU
		{BFEBA141-9AB3-40A1-A957-F4B4BF1C60EE}.Release|Any CPU.Build.0 = Release|Any CPU
	EndGlobalSection
	GlobalSection(SolutionProperties) = preSolution
		HideSolutionNode = FALSE
	EndGlobalSection
	GlobalSection(NestedProjects) = preSolution
		{768ECA25-3C0B-4249-8F97-4C703B2CDC69} = {7D8EC27A-E61C-4C29-883A-780E492E776C}
		{B23D2139-90D7-4F9A-97E7-63BCC71185CA} = {7D8EC27A-E61C-4C29-883A-780E492E776C}
		{989CF890-70CB-481F-A8D4-700BB94C7D23} = {7D8EC27A-E61C-4C29-883A-780E492E776C}
		{DFEB0067-9E11-4508-8CEF-9E7CA34110E9} = {7D8EC27A-E61C-4C29-883A-780E492E776C}
		{C6A7AAD3-98CB-47A3-B1EC-23EDC0E49874} = {61B29727-2149-492E-8B40-0F7E102AD092}
		{90385B0F-1011-4612-BB20-7FECE7F7B96F} = {2EF0D7F7-998C-4C3D-890C-ADA52DF604B5}
		{BFEBA141-9AB3-40A1-A957-F4B4BF1C60EE} = {2EF0D7F7-998C-4C3D-890C-ADA52DF604B5}
	EndGlobalSection
	GlobalSection(ExtensibilityGlobals) = postSolution
		SolutionGuid = {508849B2-8895-4BA3-9C20-9049FA2AF985}
	EndGlobalSection
EndGlobal
